
Microsoft Visual Studio Solution File, Format Version 12.00
# Visual Studio Version 17
VisualStudioVersion = 17.9.34616.47
MinimumVisualStudioVersion = 10.0.40219.1
Project("{8BC9CEB8-8B4A-11D0-8D11-00A0C91BC942}") = "test_02_23", "test_02_23\test_02_23.vcxproj", "{06457400-EA95-44D1-ADD5-A8F728A89DE9}"
EndProject
Global
	GlobalSection(SolutionConfigurationPlatforms) = preSolution
		Debug|x64 = Debug|x64
		Debug|x86 = Debug|x86
		Release|x64 = Release|x64
		Release|x86 = Release|x86
	EndGlobalSection
	GlobalSection(ProjectConfigurationPlatforms) = postSolution
		{06457400-EA95-44D1-ADD5-A8F728A89DE9}.Debug|x64.ActiveCfg = Debug|x64
		{06457400-EA95-44D1-ADD5-A8F728A89DE9}.Debug|x64.Build.0 = Debug|x64
		{06457400-EA95-44D1-ADD5-A8F728A89DE9}.Debug|x86.ActiveCfg = Debug|Win32
		{06457400-EA95-44D1-ADD5-A8F728A89DE9}.Debug|x86.Build.0 = Debug|Win32
		{06457400-EA95-44D1-ADD5-A8F728A89DE9}.Release|x64.ActiveCfg = Release|x64
		{06457400-EA95-44D1-ADD5-A8F728A89DE9}.Release|x64.Build.0 = Release|x64
		{06457400-EA95-44D1-ADD5-A8F728A89DE9}.Release|x86.ActiveCfg = Release|Win32
		{06457400-EA95-44D1-ADD5-A8F728A89DE9}.Release|x86.Build.0 = Release|Win32
	EndGlobalSection
	GlobalSection(SolutionProperties) = preSolution
		HideSolutionNode = FALSE
	EndGlobalSection
	GlobalSection(ExtensibilityGlobals) = postSolution
		SolutionGuid = {CB819CA5-D953-4738-AE2B-2941464E15DF}
	EndGlobalSection
EndGlobal
